
Microsoft Visual Studio Solution File, Format Version 11.00
# Visual Studio 2010
Project("{FAE04EC0-301F-11D3-BF4B-00C04F79EFBC}") = "MurphyPA.H2D.StateInteraction", "MurphyPA.H2D.StateInteraction\MurphyPA.H2D.StateInteraction.csproj", "{33A7AE30-E1C9-445C-8C67-3305637A948B}"
EndProject
Project("{FAE04EC0-301F-11D3-BF4B-00C04F79EFBC}") = "MurphyPA.H2D.TestApp", "MurphyPA.H2D.TestApp\MurphyPA.H2D.TestApp.csproj", "{FFC62901-A438-4D38-B9BA-27193F96B5CB}"
EndProject
Project("{FAE04EC0-301F-11D3-BF4B-00C04F79EFBC}") = "MurphyPA.H2D.Interfaces", "MurphyPA.H2D.Interfaces\MurphyPA.H2D.Interfaces.csproj", "{5EDB4FCB-FE55-42B0-9B41-A7923F90028B}"
EndProject
Project("{FAE04EC0-301F-11D3-BF4B-00C04F79EFBC}") = "LoggingUtil", "LoggingUtil\LoggingUtil.csproj", "{D8E55FAD-D951-4ED5-BB56-34E24D85D207}"
EndProject
Project("{FAE04EC0-301F-11D3-BF4B-00C04F79EFBC}") = "MurphyPA.H2D.QF4NetExtensions", "MurphyPA.H2D.QF4NetExtensions\MurphyPA.H2D.QF4NetExtensions.csproj", "{D72506A6-B055-46EC-A7F7-D3EB7A02EDAD}"
EndProject
Project("{FAE04EC0-301F-11D3-BF4B-00C04F79EFBC}") = "StateProto", "StateProto\StateProto.csproj", "{EFFF3816-2EED-4E89-BECD-6F363CAB5406}"
EndProject
Project("{FAE04EC0-301F-11D3-BF4B-00C04F79EFBC}") = "MurphyPA.H2D.Implementation", "MurphyPA.H2D.Implementation\MurphyPA.H2D.Implementation.csproj", "{2A46D990-7E5D-4FDC-9939-A4197207B8C1}"
EndProject
Project("{FAE04EC0-301F-11D3-BF4B-00C04F79EFBC}") = "qf4net", "3rdparty\HierarchicalStateMachine\src\qf4net.csproj", "{BBA3D39A-83D0-4745-997F-13687AFC5141}"
EndProject
Global
	GlobalSection(SolutionConfigurationPlatforms) = preSolution
		Debug|Any CPU = Debug|Any CPU
		Release|Any CPU = Release|Any CPU
	EndGlobalSection
	GlobalSection(ProjectConfigurationPlatforms) = postSolution
		{2A46D990-7E5D-4FDC-9939-A4197207B8C1}.Debug|Any CPU.ActiveCfg = Debug|Any CPU
		{2A46D990-7E5D-4FDC-9939-A4197207B8C1}.Debug|Any CPU.Build.0 = Debug|Any CPU
		{2A46D990-7E5D-4FDC-9939-A4197207B8C1}.Release|Any CPU.ActiveCfg = Release|Any CPU
		{2A46D990-7E5D-4FDC-9939-A4197207B8C1}.Release|Any CPU.Build.0 = Release|Any CPU
		{33A7AE30-E1C9-445C-8C67-3305637A948B}.Debug|Any CPU.ActiveCfg = Debug|Any CPU
		{33A7AE30-E1C9-445C-8C67-3305637A948B}.Debug|Any CPU.Build.0 = Debug|Any CPU
		{33A7AE30-E1C9-445C-8C67-3305637A948B}.Release|Any CPU.ActiveCfg = Release|Any CPU
		{33A7AE30-E1C9-445C-8C67-3305637A948B}.Release|Any CPU.Build.0 = Release|Any CPU
		{5EDB4FCB-FE55-42B0-9B41-A7923F90028B}.Debug|Any CPU.ActiveCfg = Debug|Any CPU
		{5EDB4FCB-FE55-42B0-9B41-A7923F90028B}.Debug|Any CPU.Build.0 = Debug|Any CPU
		{5EDB4FCB-FE55-42B0-9B41-A7923F90028B}.Release|Any CPU.ActiveCfg = Release|Any CPU
		{5EDB4FCB-FE55-42B0-9B41-A7923F90028B}.Release|Any CPU.Build.0 = Release|Any CPU
		{BBA3D39A-83D0-4745-997F-13687AFC5141}.Debug|Any CPU.ActiveCfg = Debug|Any CPU
		{BBA3D39A-83D0-4745-997F-13687AFC5141}.Debug|Any CPU.Build.0 = Debug|Any CPU
		{BBA3D39A-83D0-4745-997F-13687AFC5141}.Release|Any CPU.ActiveCfg = Release|Any CPU
		{BBA3D39A-83D0-4745-997F-13687AFC5141}.Release|Any CPU.Build.0 = Release|Any CPU
		{D72506A6-B055-46EC-A7F7-D3EB7A02EDAD}.Debug|Any CPU.ActiveCfg = Debug|Any CPU
		{D72506A6-B055-46EC-A7F7-D3EB7A02EDAD}.Debug|Any CPU.Build.0 = Debug|Any CPU
		{D72506A6-B055-46EC-A7F7-D3EB7A02EDAD}.Release|Any CPU.ActiveCfg = Release|Any CPU
		{D72506A6-B055-46EC-A7F7-D3EB7A02EDAD}.Release|Any CPU.Build.0 = Release|Any CPU
		{D8E55FAD-D951-4ED5-BB56-34E24D85D207}.Debug|Any CPU.ActiveCfg = Debug|Any CPU
		{D8E55FAD-D951-4ED5-BB56-34E24D85D207}.Debug|Any CPU.Build.0 = Debug|Any CPU
		{D8E55FAD-D951-4ED5-BB56-34E24D85D207}.Release|Any CPU.ActiveCfg = Release|Any CPU
		{D8E55FAD-D951-4ED5-BB56-34E24D85D207}.Release|Any CPU.Build.0 = Release|Any CPU
		{EFFF3816-2EED-4E89-BECD-6F363CAB5406}.Debug|Any CPU.ActiveCfg = Debug|Any CPU
		{EFFF3816-2EED-4E89-BECD-6F363CAB5406}.Debug|Any CPU.Build.0 = Debug|Any CPU
		{EFFF3816-2EED-4E89-BECD-6F363CAB5406}.Release|Any CPU.ActiveCfg = Release|Any CPU
		{EFFF3816-2EED-4E89-BECD-6F363CAB5406}.Release|Any CPU.Build.0 = Release|Any CPU
		{FFC62901-A438-4D38-B9BA-27193F96B5CB}.Debug|Any CPU.ActiveCfg = Debug|Any CPU
		{FFC62901-A438-4D38-B9BA-27193F96B5CB}.Debug|Any CPU.Build.0 = Debug|Any CPU
		{FFC62901-A438-4D38-B9BA-27193F96B5CB}.Release|Any CPU.ActiveCfg = Release|Any CPU
		{FFC62901-A438-4D38-B9BA-27193F96B5CB}.Release|Any CPU.Build.0 = Release|Any CPU
	EndGlobalSection
	GlobalSection(MonoDevelopProperties) = preSolution
		StartupItem = StateProto\StateProto.csproj
	EndGlobalSection
EndGlobal
